
Microsoft Visual Studio Solution File, Format Version 12.00
# Visual Studio Version 16
VisualStudioVersion = 16.0.30104.148
MinimumVisualStudioVersion = 10.0.40219.1
Project("{FAE04EC0-301F-11D3-BF4B-00C04F79EFBC}") = "Lab7(1)", "Lab7(1)\Lab7(1).csproj", "{8908397D-3D6F-49A4-AEE2-B6F7BD7AF5FB}"
EndProject
Global
	GlobalSection(SolutionConfigurationPlatforms) = preSolution
		Debug|Any CPU = Debug|Any CPU
		Release|Any CPU = Release|Any CPU
	EndGlobalSection
	GlobalSection(ProjectConfigurationPlatforms) = postSolution
		{8908397D-3D6F-49A4-AEE2-B6F7BD7AF5FB}.Debug|Any CPU.ActiveCfg = Debug|Any CPU
		{8908397D-3D6F-49A4-AEE2-B6F7BD7AF5FB}.Debug|Any CPU.Build.0 = Debug|Any CPU
		{8908397D-3D6F-49A4-AEE2-B6F7BD7AF5FB}.Release|Any CPU.ActiveCfg = Release|Any CPU
		{8908397D-3D6F-49A4-AEE2-B6F7BD7AF5FB}.Release|Any CPU.Build.0 = Release|Any CPU
	EndGlobalSection
	GlobalSection(SolutionProperties) = preSolution
		HideSolutionNode = FALSE
	EndGlobalSection
	GlobalSection(ExtensibilityGlobals) = postSolution
		SolutionGuid = {9B0750C6-3E88-4955-8E23-8F8582187F86}
	EndGlobalSection
EndGlobal
